
Microsoft Visual Studio Solution File, Format Version 12.00
# Visual Studio Version 17
VisualStudioVersion = 17.11.35327.3
MinimumVisualStudioVersion = 10.0.40219.1
Project("{FAE04EC0-301F-11D3-BF4B-00C04F79EFBC}") = "E_BookStore", "E_BookStore\E_BookStore.csproj", "{C1F536AD-FDE0-4710-83BD-2489A3BAAFF9}"
EndProject
Global
	GlobalSection(SolutionConfigurationPlatforms) = preSolution
		Debug|Any CPU = Debug|Any CPU
		Release|Any CPU = Release|Any CPU
	EndGlobalSection
	GlobalSection(ProjectConfigurationPlatforms) = postSolution
		{C1F536AD-FDE0-4710-83BD-2489A3BAAFF9}.Debug|Any CPU.ActiveCfg = Debug|Any CPU
		{C1F536AD-FDE0-4710-83BD-2489A3BAAFF9}.Debug|Any CPU.Build.0 = Debug|Any CPU
		{C1F536AD-FDE0-4710-83BD-2489A3BAAFF9}.Release|Any CPU.ActiveCfg = Release|Any CPU
		{C1F536AD-FDE0-4710-83BD-2489A3BAAFF9}.Release|Any CPU.Build.0 = Release|Any CPU
	EndGlobalSection
	GlobalSection(SolutionProperties) = preSolution
		HideSolutionNode = FALSE
	EndGlobalSection
	GlobalSection(ExtensibilityGlobals) = postSolution
		SolutionGuid = {CB8D6953-BEB5-4A1C-8975-BAAC1EE7B0C4}
	EndGlobalSection
EndGlobal
